
Microsoft Visual Studio Solution File, Format Version 12.00
# Visual Studio 15
VisualStudioVersion = 15.0.27004.2006
MinimumVisualStudioVersion = 10.0.40219.1
Project("{FAE04EC0-301F-11D3-BF4B-00C04F79EFBC}") = "GruntGulpLab", "GruntGulpLab\GruntGulpLab.csproj", "{18DC0148-131E-49D7-887A-4D0678460E97}"
EndProject
Global
	GlobalSection(SolutionConfigurationPlatforms) = preSolution
		Debug|Any CPU = Debug|Any CPU
		Release|Any CPU = Release|Any CPU
	EndGlobalSection
	GlobalSection(ProjectConfigurationPlatforms) = postSolution
		{18DC0148-131E-49D7-887A-4D0678460E97}.Debug|Any CPU.ActiveCfg = Debug|Any CPU
		{18DC0148-131E-49D7-887A-4D0678460E97}.Debug|Any CPU.Build.0 = Debug|Any CPU
		{18DC0148-131E-49D7-887A-4D0678460E97}.Release|Any CPU.ActiveCfg = Release|Any CPU
		{18DC0148-131E-49D7-887A-4D0678460E97}.Release|Any CPU.Build.0 = Release|Any CPU
	EndGlobalSection
	GlobalSection(SolutionProperties) = preSolution
		HideSolutionNode = FALSE
	EndGlobalSection
	GlobalSection(ExtensibilityGlobals) = postSolution
		SolutionGuid = {C957EF0D-89B9-4AF8-9E45-C59D204DE62D}
	EndGlobalSection
EndGlobal
